
Microsoft Visual Studio Solution File, Format Version 12.00
# Visual Studio Version 17
VisualStudioVersion = 17.8.34330.188
MinimumVisualStudioVersion = 10.0.40219.1
Project("{9A19103F-16F7-4668-BE54-9A1E7A4F7556}") = "DotNetPaymentSDK", "DotNetPaymentSDK\DotNetPaymentSDK.csproj", "{AF18040C-961A-4A17-A785-EDB3E0051E3A}"
EndProject
Project("{9A19103F-16F7-4668-BE54-9A1E7A4F7556}") = "DotNetPayment.Core.Domain", "DotNetPayment.Core.Domain\DotNetPayment.Core.Domain.csproj", "{6F9414C3-B416-43BA-B9CE-0C5A70F89F7D}"
EndProject
Project("{9A19103F-16F7-4668-BE54-9A1E7A4F7556}") = "DotNetPaymentSDK.Contracts", "DotNetPaymentSDK.Contracts\DotNetPaymentSDK.Contracts.csproj", "{5796CAF0-8640-4DA4-B43F-8C8395F25CFA}"
EndProject
Project("{9A19103F-16F7-4668-BE54-9A1E7A4F7556}") = "DotNetPaymentSDK.Utilities", "DotNetPaymentSDK.Utilities\DotNetPaymentSDK.Utilities.csproj", "{AEC24CD4-19B5-45D1-A654-30674D7B908B}"
EndProject
Project("{FAE04EC0-301F-11D3-BF4B-00C04F79EFBC}") = "UnitTestsProject", "UnitTestsProject\UnitTestsProject.csproj", "{3C6018A6-09CF-4099-912F-40C651AA8CB7}"
EndProject
Global
	GlobalSection(SolutionConfigurationPlatforms) = preSolution
		Debug|Any CPU = Debug|Any CPU
		Release|Any CPU = Release|Any CPU
	EndGlobalSection
	GlobalSection(ProjectConfigurationPlatforms) = postSolution
		{AF18040C-961A-4A17-A785-EDB3E0051E3A}.Debug|Any CPU.ActiveCfg = Debug|Any CPU
		{AF18040C-961A-4A17-A785-EDB3E0051E3A}.Debug|Any CPU.Build.0 = Debug|Any CPU
		{AF18040C-961A-4A17-A785-EDB3E0051E3A}.Release|Any CPU.ActiveCfg = Release|Any CPU
		{AF18040C-961A-4A17-A785-EDB3E0051E3A}.Release|Any CPU.Build.0 = Release|Any CPU
		{6F9414C3-B416-43BA-B9CE-0C5A70F89F7D}.Debug|Any CPU.ActiveCfg = Debug|Any CPU
		{6F9414C3-B416-43BA-B9CE-0C5A70F89F7D}.Debug|Any CPU.Build.0 = Debug|Any CPU
		{6F9414C3-B416-43BA-B9CE-0C5A70F89F7D}.Release|Any CPU.ActiveCfg = Release|Any CPU
		{6F9414C3-B416-43BA-B9CE-0C5A70F89F7D}.Release|Any CPU.Build.0 = Release|Any CPU
		{5796CAF0-8640-4DA4-B43F-8C8395F25CFA}.Debug|Any CPU.ActiveCfg = Debug|Any CPU
		{5796CAF0-8640-4DA4-B43F-8C8395F25CFA}.Debug|Any CPU.Build.0 = Debug|Any CPU
		{5796CAF0-8640-4DA4-B43F-8C8395F25CFA}.Release|Any CPU.ActiveCfg = Release|Any CPU
		{5796CAF0-8640-4DA4-B43F-8C8395F25CFA}.Release|Any CPU.Build.0 = Release|Any CPU
		{AEC24CD4-19B5-45D1-A654-30674D7B908B}.Debug|Any CPU.ActiveCfg = Debug|Any CPU
		{AEC24CD4-19B5-45D1-A654-30674D7B908B}.Debug|Any CPU.Build.0 = Debug|Any CPU
		{AEC24CD4-19B5-45D1-A654-30674D7B908B}.Release|Any CPU.ActiveCfg = Release|Any CPU
		{AEC24CD4-19B5-45D1-A654-30674D7B908B}.Release|Any CPU.Build.0 = Release|Any CPU
		{3C6018A6-09CF-4099-912F-40C651AA8CB7}.Debug|Any CPU.ActiveCfg = Debug|Any CPU
		{3C6018A6-09CF-4099-912F-40C651AA8CB7}.Debug|Any CPU.Build.0 = Debug|Any CPU
		{3C6018A6-09CF-4099-912F-40C651AA8CB7}.Release|Any CPU.ActiveCfg = Release|Any CPU
		{3C6018A6-09CF-4099-912F-40C651AA8CB7}.Release|Any CPU.Build.0 = Release|Any CPU
	EndGlobalSection
	GlobalSection(SolutionProperties) = preSolution
		HideSolutionNode = FALSE
	EndGlobalSection
	GlobalSection(ExtensibilityGlobals) = postSolution
		SolutionGuid = {B21A49A0-277A-42E4-9C79-1A4022499CBA}
	EndGlobalSection
EndGlobal
